version = "0.4.8"
home = "/Users/alex.hexan"
root = "/Users/alex.hexan/.zsh"
config_file = "/Users/alex.hexan/.zsh/plugins.toml"
lock_file = "/Users/alex.hexan/.zsh/plugins.lock"
clone_dir = "/Users/alex.hexan/.zsh/repositories"
download_dir = "/Users/alex.hexan/.zsh/downloads"

[[plugins]]
name = "highlight"
source_dir = "/Users/alex.hexan/.zsh/repositories/github.com/zsh-users/zsh-syntax-highlighting"
filenames = ["/Users/alex.hexan/.zsh/repositories/github.com/zsh-users/zsh-syntax-highlighting/zsh-syntax-highlighting.plugin.zsh"]
apply = ["source"]

[[plugins]]
name = "suggestions"
source_dir = "/Users/alex.hexan/.zsh/repositories/github.com/zsh-users/zsh-autosuggestions"
filenames = ["/Users/alex.hexan/.zsh/repositories/github.com/zsh-users/zsh-autosuggestions/zsh-autosuggestions.plugin.zsh"]
apply = ["source"]

[[plugins]]
name = "exa-aliases"
source_dir = "/Users/alex.hexan/.zsh/repositories/github.com/darrintisdale/zsh-aliases-exa"
filenames = ["/Users/alex.hexan/.zsh/repositories/github.com/darrintisdale/zsh-aliases-exa/zsh-aliases-exa.plugin.zsh"]
apply = ["source"]

[[plugins]]
name = "oh-my-zsh"
source_dir = "/Users/alex.hexan/.zsh/repositories/github.com/robbyrussell/oh-my-zsh"
filenames = ["/Users/alex.hexan/.zsh/repositories/github.com/robbyrussell/oh-my-zsh/plugins/colored-man-pages/colored-man-pages.plugin.zsh", "/Users/alex.hexan/.zsh/repositories/github.com/robbyrussell/oh-my-zsh/plugins/git/git.plugin.zsh"]
apply = ["source"]

[templates]
